
Microsoft Visual Studio Solution File, Format Version 12.00
# Visual Studio 15
VisualStudioVersion = 15.0.26430.6
MinimumVisualStudioVersion = 10.0.40219.1
Project("{FAE04EC0-301F-11D3-BF4B-00C04F79EFBC}") = "ScreenStreamer.Demo.WinForms", "WinForms\ScreenStreamer.Demo.WinForms\ScreenStreamer.Demo.WinForms.csproj", "{2D41383D-99E1-45B9-AF0A-4F54AE20A46F}"
EndProject
Project("{FAE04EC0-301F-11D3-BF4B-00C04F79EFBC}") = "MjpegStreamer.WinForms", "WinForms\MjpegStreamer.WinForms\MjpegStreamer.WinForms.csproj", "{F961A5DF-7AE0-43F3-8CA3-01340D4A815F}"
EndProject
Project("{FAE04EC0-301F-11D3-BF4B-00C04F79EFBC}") = "MjpegStreamer.UWP", "UWP\MjpegStreamer.UWP\MjpegStreamer.UWP.csproj", "{DE17279C-4A40-4067-B084-C6D0F1B2840F}"
EndProject
Project("{FAE04EC0-301F-11D3-BF4B-00C04F79EFBC}") = "CameraStreamer.Demo.UWP", "UWP\CameraStreamer.Demo.UWP\CameraStreamer.Demo.UWP.csproj", "{B85B4A76-7579-4FD1-8916-39A496A1388D}"
EndProject
Project("{2150E333-8FDC-42A3-9474-1A3956D46DE8}") = "UWP", "UWP", "{4AD8B43E-C254-4EF2-B0EC-196A0F27C3D8}"
EndProject
Project("{2150E333-8FDC-42A3-9474-1A3956D46DE8}") = "WinForms", "WinForms", "{3A9AE063-31D6-4EB3-82ED-9D86051AA3E0}"
EndProject
Project("{2150E333-8FDC-42A3-9474-1A3956D46DE8}") = "Solution Items", "Solution Items", "{C64CA5F2-EEC6-4F4A-8A92-F654DEEAE792}"
	ProjectSection(SolutionItems) = preProject
		LICENSE.txt = LICENSE.txt
		README.md = README.md
	EndProjectSection
EndProject
Project("{FAE04EC0-301F-11D3-BF4B-00C04F79EFBC}") = "CameraCaptureStreamer.UWP", "UWP\CameraStreamer.UWP\CameraCaptureStreamer.UWP.csproj", "{11F5DCBE-2C2D-4BBE-B6DE-A28EBC0CC227}"
EndProject
Project("{FAE04EC0-301F-11D3-BF4B-00C04F79EFBC}") = "ScreenCaptureStreamer.WinForms", "ScreenCaptureStreamer.WinForms\ScreenCaptureStreamer.WinForms.csproj", "{7DF84E5E-5AB8-4CCF-8F09-BC9C3E66F06F}"
EndProject
Global
	GlobalSection(SolutionConfigurationPlatforms) = preSolution
		Debug|Any CPU = Debug|Any CPU
		Debug|ARM = Debug|ARM
		Debug|x64 = Debug|x64
		Debug|x86 = Debug|x86
		Release|Any CPU = Release|Any CPU
		Release|ARM = Release|ARM
		Release|x64 = Release|x64
		Release|x86 = Release|x86
	EndGlobalSection
	GlobalSection(ProjectConfigurationPlatforms) = postSolution
		{2D41383D-99E1-45B9-AF0A-4F54AE20A46F}.Debug|Any CPU.ActiveCfg = Debug|Any CPU
		{2D41383D-99E1-45B9-AF0A-4F54AE20A46F}.Debug|Any CPU.Build.0 = Debug|Any CPU
		{2D41383D-99E1-45B9-AF0A-4F54AE20A46F}.Debug|ARM.ActiveCfg = Debug|Any CPU
		{2D41383D-99E1-45B9-AF0A-4F54AE20A46F}.Debug|ARM.Build.0 = Debug|Any CPU
		{2D41383D-99E1-45B9-AF0A-4F54AE20A46F}.Debug|x64.ActiveCfg = Debug|Any CPU
		{2D41383D-99E1-45B9-AF0A-4F54AE20A46F}.Debug|x64.Build.0 = Debug|Any CPU
		{2D41383D-99E1-45B9-AF0A-4F54AE20A46F}.Debug|x86.ActiveCfg = Debug|Any CPU
		{2D41383D-99E1-45B9-AF0A-4F54AE20A46F}.Debug|x86.Build.0 = Debug|Any CPU
		{2D41383D-99E1-45B9-AF0A-4F54AE20A46F}.Release|Any CPU.ActiveCfg = Release|Any CPU
		{2D41383D-99E1-45B9-AF0A-4F54AE20A46F}.Release|Any CPU.Build.0 = Release|Any CPU
		{2D41383D-99E1-45B9-AF0A-4F54AE20A46F}.Release|ARM.ActiveCfg = Release|Any CPU
		{2D41383D-99E1-45B9-AF0A-4F54AE20A46F}.Release|ARM.Build.0 = Release|Any CPU
		{2D41383D-99E1-45B9-AF0A-4F54AE20A46F}.Release|x64.ActiveCfg = Release|Any CPU
		{2D41383D-99E1-45B9-AF0A-4F54AE20A46F}.Release|x64.Build.0 = Release|Any CPU
		{2D41383D-99E1-45B9-AF0A-4F54AE20A46F}.Release|x86.ActiveCfg = Release|Any CPU
		{2D41383D-99E1-45B9-AF0A-4F54AE20A46F}.Release|x86.Build.0 = Release|Any CPU
		{F961A5DF-7AE0-43F3-8CA3-01340D4A815F}.Debug|Any CPU.ActiveCfg = Debug|Any CPU
		{F961A5DF-7AE0-43F3-8CA3-01340D4A815F}.Debug|Any CPU.Build.0 = Debug|Any CPU
		{F961A5DF-7AE0-43F3-8CA3-01340D4A815F}.Debug|ARM.ActiveCfg = Debug|Any CPU
		{F961A5DF-7AE0-43F3-8CA3-01340D4A815F}.Debug|ARM.Build.0 = Debug|Any CPU
		{F961A5DF-7AE0-43F3-8CA3-01340D4A815F}.Debug|x64.ActiveCfg = Debug|Any CPU
		{F961A5DF-7AE0-43F3-8CA3-01340D4A815F}.Debug|x64.Build.0 = Debug|Any CPU
		{F961A5DF-7AE0-43F3-8CA3-01340D4A815F}.Debug|x86.ActiveCfg = Debug|Any CPU
		{F961A5DF-7AE0-43F3-8CA3-01340D4A815F}.Debug|x86.Build.0 = Debug|Any CPU
		{F961A5DF-7AE0-43F3-8CA3-01340D4A815F}.Release|Any CPU.ActiveCfg = Release|Any CPU
		{F961A5DF-7AE0-43F3-8CA3-01340D4A815F}.Release|Any CPU.Build.0 = Release|Any CPU
		{F961A5DF-7AE0-43F3-8CA3-01340D4A815F}.Release|ARM.ActiveCfg = Release|Any CPU
		{F961A5DF-7AE0-43F3-8CA3-01340D4A815F}.Release|ARM.Build.0 = Release|Any CPU
		{F961A5DF-7AE0-43F3-8CA3-01340D4A815F}.Release|x64.ActiveCfg = Release|Any CPU
		{F961A5DF-7AE0-43F3-8CA3-01340D4A815F}.Release|x64.Build.0 = Release|Any CPU
		{F961A5DF-7AE0-43F3-8CA3-01340D4A815F}.Release|x86.ActiveCfg = Release|Any CPU
		{F961A5DF-7AE0-43F3-8CA3-01340D4A815F}.Release|x86.Build.0 = Release|Any CPU
		{DE17279C-4A40-4067-B084-C6D0F1B2840F}.Debug|Any CPU.ActiveCfg = Debug|Any CPU
		{DE17279C-4A40-4067-B084-C6D0F1B2840F}.Debug|Any CPU.Build.0 = Debug|Any CPU
		{DE17279C-4A40-4067-B084-C6D0F1B2840F}.Debug|ARM.ActiveCfg = Debug|ARM
		{DE17279C-4A40-4067-B084-C6D0F1B2840F}.Debug|ARM.Build.0 = Debug|ARM
		{DE17279C-4A40-4067-B084-C6D0F1B2840F}.Debug|x64.ActiveCfg = Debug|x64
		{DE17279C-4A40-4067-B084-C6D0F1B2840F}.Debug|x64.Build.0 = Debug|x64
		{DE17279C-4A40-4067-B084-C6D0F1B2840F}.Debug|x86.ActiveCfg = Debug|x86
		{DE17279C-4A40-4067-B084-C6D0F1B2840F}.Debug|x86.Build.0 = Debug|x86
		{DE17279C-4A40-4067-B084-C6D0F1B2840F}.Release|Any CPU.ActiveCfg = Release|Any CPU
		{DE17279C-4A40-4067-B084-C6D0F1B2840F}.Release|Any CPU.Build.0 = Release|Any CPU
		{DE17279C-4A40-4067-B084-C6D0F1B2840F}.Release|ARM.ActiveCfg = Release|ARM
		{DE17279C-4A40-4067-B084-C6D0F1B2840F}.Release|ARM.Build.0 = Release|ARM
		{DE17279C-4A40-4067-B084-C6D0F1B2840F}.Release|x64.ActiveCfg = Release|x64
		{DE17279C-4A40-4067-B084-C6D0F1B2840F}.Release|x64.Build.0 = Release|x64
		{DE17279C-4A40-4067-B084-C6D0F1B2840F}.Release|x86.ActiveCfg = Release|x86
		{DE17279C-4A40-4067-B084-C6D0F1B2840F}.Release|x86.Build.0 = Release|x86
		{B85B4A76-7579-4FD1-8916-39A496A1388D}.Debug|Any CPU.ActiveCfg = Debug|x86
		{B85B4A76-7579-4FD1-8916-39A496A1388D}.Debug|Any CPU.Build.0 = Debug|x86
		{B85B4A76-7579-4FD1-8916-39A496A1388D}.Debug|Any CPU.Deploy.0 = Debug|x86
		{B85B4A76-7579-4FD1-8916-39A496A1388D}.Debug|ARM.ActiveCfg = Debug|ARM
		{B85B4A76-7579-4FD1-8916-39A496A1388D}.Debug|ARM.Build.0 = Debug|ARM
		{B85B4A76-7579-4FD1-8916-39A496A1388D}.Debug|ARM.Deploy.0 = Debug|ARM
		{B85B4A76-7579-4FD1-8916-39A496A1388D}.Debug|x64.ActiveCfg = Debug|x64
		{B85B4A76-7579-4FD1-8916-39A496A1388D}.Debug|x64.Build.0 = Debug|x64
		{B85B4A76-7579-4FD1-8916-39A496A1388D}.Debug|x64.Deploy.0 = Debug|x64
		{B85B4A76-7579-4FD1-8916-39A496A1388D}.Debug|x86.ActiveCfg = Debug|x86
		{B85B4A76-7579-4FD1-8916-39A496A1388D}.Debug|x86.Build.0 = Debug|x86
		{B85B4A76-7579-4FD1-8916-39A496A1388D}.Debug|x86.Deploy.0 = Debug|x86
		{B85B4A76-7579-4FD1-8916-39A496A1388D}.Release|Any CPU.ActiveCfg = Release|x86
		{B85B4A76-7579-4FD1-8916-39A496A1388D}.Release|ARM.ActiveCfg = Release|ARM
		{B85B4A76-7579-4FD1-8916-39A496A1388D}.Release|ARM.Build.0 = Release|ARM
		{B85B4A76-7579-4FD1-8916-39A496A1388D}.Release|ARM.Deploy.0 = Release|ARM
		{B85B4A76-7579-4FD1-8916-39A496A1388D}.Release|x64.ActiveCfg = Release|x64
		{B85B4A76-7579-4FD1-8916-39A496A1388D}.Release|x64.Build.0 = Release|x64
		{B85B4A76-7579-4FD1-8916-39A496A1388D}.Release|x64.Deploy.0 = Release|x64
		{B85B4A76-7579-4FD1-8916-39A496A1388D}.Release|x86.ActiveCfg = Release|x86
		{B85B4A76-7579-4FD1-8916-39A496A1388D}.Release|x86.Build.0 = Release|x86
		{B85B4A76-7579-4FD1-8916-39A496A1388D}.Release|x86.Deploy.0 = Release|x86
		{11F5DCBE-2C2D-4BBE-B6DE-A28EBC0CC227}.Debug|Any CPU.ActiveCfg = Debug|Any CPU
		{11F5DCBE-2C2D-4BBE-B6DE-A28EBC0CC227}.Debug|Any CPU.Build.0 = Debug|Any CPU
		{11F5DCBE-2C2D-4BBE-B6DE-A28EBC0CC227}.Debug|Any CPU.Deploy.0 = Debug|Any CPU
		{11F5DCBE-2C2D-4BBE-B6DE-A28EBC0CC227}.Debug|ARM.ActiveCfg = Debug|ARM
		{11F5DCBE-2C2D-4BBE-B6DE-A28EBC0CC227}.Debug|ARM.Build.0 = Debug|ARM
		{11F5DCBE-2C2D-4BBE-B6DE-A28EBC0CC227}.Debug|x64.ActiveCfg = Debug|x64
		{11F5DCBE-2C2D-4BBE-B6DE-A28EBC0CC227}.Debug|x64.Build.0 = Debug|x64
		{11F5DCBE-2C2D-4BBE-B6DE-A28EBC0CC227}.Debug|x86.ActiveCfg = Debug|x86
		{11F5DCBE-2C2D-4BBE-B6DE-A28EBC0CC227}.Debug|x86.Build.0 = Debug|x86
		{11F5DCBE-2C2D-4BBE-B6DE-A28EBC0CC227}.Release|Any CPU.ActiveCfg = Release|Any CPU
		{11F5DCBE-2C2D-4BBE-B6DE-A28EBC0CC227}.Release|Any CPU.Build.0 = Release|Any CPU
		{11F5DCBE-2C2D-4BBE-B6DE-A28EBC0CC227}.Release|ARM.ActiveCfg = Release|ARM
		{11F5DCBE-2C2D-4BBE-B6DE-A28EBC0CC227}.Release|ARM.Build.0 = Release|ARM
		{11F5DCBE-2C2D-4BBE-B6DE-A28EBC0CC227}.Release|x64.ActiveCfg = Release|x64
		{11F5DCBE-2C2D-4BBE-B6DE-A28EBC0CC227}.Release|x64.Build.0 = Release|x64
		{11F5DCBE-2C2D-4BBE-B6DE-A28EBC0CC227}.Release|x86.ActiveCfg = Release|x86
		{11F5DCBE-2C2D-4BBE-B6DE-A28EBC0CC227}.Release|x86.Build.0 = Release|x86
		{7DF84E5E-5AB8-4CCF-8F09-BC9C3E66F06F}.Debug|Any CPU.ActiveCfg = Debug|Any CPU
		{7DF84E5E-5AB8-4CCF-8F09-BC9C3E66F06F}.Debug|Any CPU.Build.0 = Debug|Any CPU
		{7DF84E5E-5AB8-4CCF-8F09-BC9C3E66F06F}.Debug|ARM.ActiveCfg = Debug|Any CPU
		{7DF84E5E-5AB8-4CCF-8F09-BC9C3E66F06F}.Debug|ARM.Build.0 = Debug|Any CPU
		{7DF84E5E-5AB8-4CCF-8F09-BC9C3E66F06F}.Debug|x64.ActiveCfg = Debug|Any CPU
		{7DF84E5E-5AB8-4CCF-8F09-BC9C3E66F06F}.Debug|x64.Build.0 = Debug|Any CPU
		{7DF84E5E-5AB8-4CCF-8F09-BC9C3E66F06F}.Debug|x86.ActiveCfg = Debug|Any CPU
		{7DF84E5E-5AB8-4CCF-8F09-BC9C3E66F06F}.Debug|x86.Build.0 = Debug|Any CPU
		{7DF84E5E-5AB8-4CCF-8F09-BC9C3E66F06F}.Release|Any CPU.ActiveCfg = Release|Any CPU
		{7DF84E5E-5AB8-4CCF-8F09-BC9C3E66F06F}.Release|Any CPU.Build.0 = Release|Any CPU
		{7DF84E5E-5AB8-4CCF-8F09-BC9C3E66F06F}.Release|ARM.ActiveCfg = Release|Any CPU
		{7DF84E5E-5AB8-4CCF-8F09-BC9C3E66F06F}.Release|ARM.Build.0 = Release|Any CPU
		{7DF84E5E-5AB8-4CCF-8F09-BC9C3E66F06F}.Release|x64.ActiveCfg = Release|Any CPU
		{7DF84E5E-5AB8-4CCF-8F09-BC9C3E66F06F}.Release|x64.Build.0 = Release|Any CPU
		{7DF84E5E-5AB8-4CCF-8F09-BC9C3E66F06F}.Release|x86.ActiveCfg = Release|Any CPU
		{7DF84E5E-5AB8-4CCF-8F09-BC9C3E66F06F}.Release|x86.Build.0 = Release|Any CPU
	EndGlobalSection
	GlobalSection(SolutionProperties) = preSolution
		HideSolutionNode = FALSE
	EndGlobalSection
	GlobalSection(NestedProjects) = preSolution
		{2D41383D-99E1-45B9-AF0A-4F54AE20A46F} = {3A9AE063-31D6-4EB3-82ED-9D86051AA3E0}
		{F961A5DF-7AE0-43F3-8CA3-01340D4A815F} = {3A9AE063-31D6-4EB3-82ED-9D86051AA3E0}
		{DE17279C-4A40-4067-B084-C6D0F1B2840F} = {4AD8B43E-C254-4EF2-B0EC-196A0F27C3D8}
		{B85B4A76-7579-4FD1-8916-39A496A1388D} = {4AD8B43E-C254-4EF2-B0EC-196A0F27C3D8}
		{11F5DCBE-2C2D-4BBE-B6DE-A28EBC0CC227} = {4AD8B43E-C254-4EF2-B0EC-196A0F27C3D8}
		{7DF84E5E-5AB8-4CCF-8F09-BC9C3E66F06F} = {3A9AE063-31D6-4EB3-82ED-9D86051AA3E0}
	EndGlobalSection
	GlobalSection(ExtensibilityGlobals) = postSolution
		SolutionGuid = {F42E0A31-6A5E-4B3F-95EE-5439E68AB6DA}
	EndGlobalSection
EndGlobal
